
Microsoft Visual Studio Solution File, Format Version 12.00
# Visual Studio Version 17
VisualStudioVersion = 17.14.36623.8 d17.14
MinimumVisualStudioVersion = 10.0.40219.1
Project("{FAE04EC0-301F-11D3-BF4B-00C04F79EFBC}") = "Task 1", "Task 1\Task 1.csproj", "{59832C56-8200-4299-AD51-878CAAA6093A}"
EndProject
Project("{FAE04EC0-301F-11D3-BF4B-00C04F79EFBC}") = "Task_2", "..\Task_2\Task_2.csproj", "{A59EAC25-254C-4DC8-A414-9B8B0584DBDE}"
EndProject
Project("{FAE04EC0-301F-11D3-BF4B-00C04F79EFBC}") = "Task_3", "..\Task_3\Task_3.csproj", "{39EE0D2C-04F5-4904-AB53-8AE02BCE68DF}"
EndProject
Global
	GlobalSection(SolutionConfigurationPlatforms) = preSolution
		Debug|Any CPU = Debug|Any CPU
		Release|Any CPU = Release|Any CPU
	EndGlobalSection
	GlobalSection(ProjectConfigurationPlatforms) = postSolution
		{59832C56-8200-4299-AD51-878CAAA6093A}.Debug|Any CPU.ActiveCfg = Debug|Any CPU
		{59832C56-8200-4299-AD51-878CAAA6093A}.Debug|Any CPU.Build.0 = Debug|Any CPU
		{59832C56-8200-4299-AD51-878CAAA6093A}.Release|Any CPU.ActiveCfg = Release|Any CPU
		{59832C56-8200-4299-AD51-878CAAA6093A}.Release|Any CPU.Build.0 = Release|Any CPU
		{A59EAC25-254C-4DC8-A414-9B8B0584DBDE}.Debug|Any CPU.ActiveCfg = Debug|Any CPU
		{A59EAC25-254C-4DC8-A414-9B8B0584DBDE}.Debug|Any CPU.Build.0 = Debug|Any CPU
		{A59EAC25-254C-4DC8-A414-9B8B0584DBDE}.Release|Any CPU.ActiveCfg = Release|Any CPU
		{A59EAC25-254C-4DC8-A414-9B8B0584DBDE}.Release|Any CPU.Build.0 = Release|Any CPU
		{39EE0D2C-04F5-4904-AB53-8AE02BCE68DF}.Debug|Any CPU.ActiveCfg = Debug|Any CPU
		{39EE0D2C-04F5-4904-AB53-8AE02BCE68DF}.Debug|Any CPU.Build.0 = Debug|Any CPU
		{39EE0D2C-04F5-4904-AB53-8AE02BCE68DF}.Release|Any CPU.ActiveCfg = Release|Any CPU
		{39EE0D2C-04F5-4904-AB53-8AE02BCE68DF}.Release|Any CPU.Build.0 = Release|Any CPU
	EndGlobalSection
	GlobalSection(SolutionProperties) = preSolution
		HideSolutionNode = FALSE
	EndGlobalSection
	GlobalSection(ExtensibilityGlobals) = postSolution
		SolutionGuid = {169D06C5-5343-4D7B-8CA8-FCC952AC86E9}
	EndGlobalSection
EndGlobal
